
Microsoft Visual Studio Solution File, Format Version 12.00
Project("{FAE04EC0-301F-11D3-BF4B-00C04F79EFBC}") = "HomeWork1", "HomeWork1\HomeWork1.csproj", "{771D20BB-6C58-4945-BB06-6E034480826A}"
EndProject
Global
	GlobalSection(SolutionConfigurationPlatforms) = preSolution
		Debug|Any CPU = Debug|Any CPU
		Release|Any CPU = Release|Any CPU
	EndGlobalSection
	GlobalSection(ProjectConfigurationPlatforms) = postSolution
		{771D20BB-6C58-4945-BB06-6E034480826A}.Debug|Any CPU.ActiveCfg = Debug|Any CPU
		{771D20BB-6C58-4945-BB06-6E034480826A}.Debug|Any CPU.Build.0 = Debug|Any CPU
		{771D20BB-6C58-4945-BB06-6E034480826A}.Release|Any CPU.ActiveCfg = Release|Any CPU
		{771D20BB-6C58-4945-BB06-6E034480826A}.Release|Any CPU.Build.0 = Release|Any CPU
	EndGlobalSection
EndGlobal
